
Microsoft Visual Studio Solution File, Format Version 12.00
# Visual Studio Version 16
VisualStudioVersion = 16.0.32428.217
MinimumVisualStudioVersion = 10.0.40219.1
Project("{FAE04EC0-301F-11D3-BF4B-00C04F79EFBC}") = "28.03Task5", "28.03Task5\28.03Task5.csproj", "{28705D75-8C43-4420-AAB8-5FCD6AE9EFD4}"
EndProject
Global
	GlobalSection(SolutionConfigurationPlatforms) = preSolution
		Debug|Any CPU = Debug|Any CPU
		Release|Any CPU = Release|Any CPU
	EndGlobalSection
	GlobalSection(ProjectConfigurationPlatforms) = postSolution
		{28705D75-8C43-4420-AAB8-5FCD6AE9EFD4}.Debug|Any CPU.ActiveCfg = Debug|Any CPU
		{28705D75-8C43-4420-AAB8-5FCD6AE9EFD4}.Debug|Any CPU.Build.0 = Debug|Any CPU
		{28705D75-8C43-4420-AAB8-5FCD6AE9EFD4}.Release|Any CPU.ActiveCfg = Release|Any CPU
		{28705D75-8C43-4420-AAB8-5FCD6AE9EFD4}.Release|Any CPU.Build.0 = Release|Any CPU
	EndGlobalSection
	GlobalSection(SolutionProperties) = preSolution
		HideSolutionNode = FALSE
	EndGlobalSection
	GlobalSection(ExtensibilityGlobals) = postSolution
		SolutionGuid = {AE50FC7F-9E5A-4D63-B843-A1E9231AA3C8}
	EndGlobalSection
EndGlobal
